
Microsoft Visual Studio Solution File, Format Version 12.00
# Visual Studio Version 16
VisualStudioVersion = 16.0.29409.12
MinimumVisualStudioVersion = 10.0.40219.1
Project("{FAE04EC0-301F-11D3-BF4B-00C04F79EFBC}") = "MISA.DEMO.ADO", "MISA.DEMO.ADO\MISA.DEMO.ADO.csproj", "{9EF507CD-CBCB-42C4-832D-9DB98DE12041}"
EndProject
Global
	GlobalSection(SolutionConfigurationPlatforms) = preSolution
		Debug|Any CPU = Debug|Any CPU
		Release|Any CPU = Release|Any CPU
	EndGlobalSection
	GlobalSection(ProjectConfigurationPlatforms) = postSolution
		{9EF507CD-CBCB-42C4-832D-9DB98DE12041}.Debug|Any CPU.ActiveCfg = Debug|Any CPU
		{9EF507CD-CBCB-42C4-832D-9DB98DE12041}.Debug|Any CPU.Build.0 = Debug|Any CPU
		{9EF507CD-CBCB-42C4-832D-9DB98DE12041}.Release|Any CPU.ActiveCfg = Release|Any CPU
		{9EF507CD-CBCB-42C4-832D-9DB98DE12041}.Release|Any CPU.Build.0 = Release|Any CPU
	EndGlobalSection
	GlobalSection(SolutionProperties) = preSolution
		HideSolutionNode = FALSE
	EndGlobalSection
	GlobalSection(ExtensibilityGlobals) = postSolution
		SolutionGuid = {10334315-E059-47F0-89C1-2BA97BDBBEBD}
	EndGlobalSection
EndGlobal
